# This file is automatically @generated by Cargo.
# It is not intended for manual editing.
version = 3

[[package]]
name = "anyhow"
version = "1.0.43"
source = "registry+https://github.com/rust-lang/crates.io-index"
checksum = "28ae2b3dec75a406790005a200b1bd89785afc02517a00ca99ecfe093ee9e6cf"

[[package]]
name = "approx"
version = "0.5.0"
source = "registry+https://github.com/rust-lang/crates.io-index"
checksum = "072df7202e63b127ab55acfe16ce97013d5b97bf160489336d3f1840fd78e99e"
dependencies = [
 "num-traits",
]

[[package]]
name = "argh"
version = "0.1.5"
source = "registry+https://github.com/rust-lang/crates.io-index"
checksum = "2e7317a549bc17c5278d9e72bb6e62c6aa801ac2567048e39ebc1c194249323e"
dependencies = [
 "argh_derive",
 "argh_shared",
]

[[package]]
name = "argh_derive"
version = "0.1.5"
source = "registry+https://github.com/rust-lang/crates.io-index"
checksum = "60949c42375351e9442e354434b0cba2ac402c1237edf673cac3a4bf983b8d3c"
dependencies = [
 "argh_shared",
 "heck",
 "proc-macro2",
 "quote",
 "syn",
]

[[package]]
name = "argh_shared"
version = "0.1.5"
source = "registry+https://github.com/rust-lang/crates.io-index"
checksum = "8a61eb019cb8f415d162cb9f12130ee6bbe9168b7d953c17f4ad049e4051ca00"

[[package]]
name = "autocfg"
version = "1.0.1"
source = "registry+https://github.com/rust-lang/crates.io-index"
checksum = "cdb031dd78e28731d87d56cc8ffef4a8f36ca26c38fe2de700543e627f8a464a"

[[package]]
name = "byteorder"
version = "1.4.3"
source = "registry+https://github.com/rust-lang/crates.io-index"
checksum = "14c189c53d098945499cdfa7ecc63567cf3886b3332b312a5b4585d8d3a6a610"

[[package]]
name = "cfg-if"
version = "1.0.0"
source = "registry+https://github.com/rust-lang/crates.io-index"
checksum = "baf1de4339761588bc0619e3cbc0120ee582ebb74b53b4efbf79117bd2da40fd"

[[package]]
name = "getrandom"
version = "0.2.3"
source = "registry+https://github.com/rust-lang/crates.io-index"
checksum = "7fcd999463524c52659517fe2cea98493cfe485d10565e7b0fb07dbba7ad2753"
dependencies = [
 "cfg-if",
 "libc",
 "wasi",
]

[[package]]
name = "heck"
version = "0.3.3"
source = "registry+https://github.com/rust-lang/crates.io-index"
checksum = "6d621efb26863f0e9924c6ac577e8275e5e6b77455db64ffa6c65c904e9e132c"
dependencies = [
 "unicode-segmentation",
]

[[package]]
name = "lazy_static"
version = "1.4.0"
source = "registry+https://github.com/rust-lang/crates.io-index"
checksum = "e2abad23fbc42b3700f2f279844dc832adb2b2eb069b2df918f455c4e18cc646"

[[package]]
name = "libc"
version = "0.2.99"
source = "registry+https://github.com/rust-lang/crates.io-index"
checksum = "a7f823d141fe0a24df1e23b4af4e3c7ba9e5966ec514ea068c93024aa7deb765"

[[package]]
name = "libm"
version = "0.2.1"
source = "registry+https://github.com/rust-lang/crates.io-index"
checksum = "c7d73b3f436185384286bd8098d17ec07c9a7d2388a6599f824d8502b529702a"

[[package]]
name = "matrixmultiply"
version = "0.3.1"
source = "registry+https://github.com/rust-lang/crates.io-index"
checksum = "5a8a15b776d9dfaecd44b03c5828c2199cddff5247215858aac14624f8d6b741"
dependencies = [
 "rawpointer",
]

[[package]]
name = "nalgebra"
version = "0.27.1"
source = "registry+https://github.com/rust-lang/crates.io-index"
checksum = "462fffe4002f4f2e1f6a9dcf12cc1a6fc0e15989014efc02a941d3e0f5dc2120"
dependencies = [
 "approx",
 "matrixmultiply",
 "nalgebra-macros",
 "num-complex",
 "num-rational",
 "num-traits",
 "rand",
 "rand_distr",
 "simba",
 "typenum",
]

[[package]]
name = "nalgebra-macros"
version = "0.1.0"
source = "registry+https://github.com/rust-lang/crates.io-index"
checksum = "01fcc0b8149b4632adc89ac3b7b31a12fb6099a0317a4eb2ebff574ef7de7218"
dependencies = [
 "proc-macro2",
 "quote",
 "syn",
]

[[package]]
name = "num-complex"
version = "0.4.0"
source = "registry+https://github.com/rust-lang/crates.io-index"
checksum = "26873667bbbb7c5182d4a37c1add32cdf09f841af72da53318fdb81543c15085"
dependencies = [
 "num-traits",
]

[[package]]
name = "num-integer"
version = "0.1.44"
source = "registry+https://github.com/rust-lang/crates.io-index"
checksum = "d2cc698a63b549a70bc047073d2949cce27cd1c7b0a4a862d08a8031bc2801db"
dependencies = [
 "autocfg",
 "num-traits",
]

[[package]]
name = "num-rational"
version = "0.4.0"
source = "registry+https://github.com/rust-lang/crates.io-index"
checksum = "d41702bd167c2df5520b384281bc111a4b5efcf7fbc4c9c222c815b07e0a6a6a"
dependencies = [
 "autocfg",
 "num-integer",
 "num-traits",
]

[[package]]
name = "num-traits"
version = "0.2.14"
source = "registry+https://github.com/rust-lang/crates.io-index"
checksum = "9a64b1ec5cda2586e284722486d802acf1f7dbdc623e2bfc57e65ca1cd099290"
dependencies = [
 "autocfg",
 "libm",
]

[[package]]
name = "paste"
version = "1.0.5"
source = "registry+https://github.com/rust-lang/crates.io-index"
checksum = "acbf547ad0c65e31259204bd90935776d1c693cec2f4ff7abb7a1bbbd40dfe58"

[[package]]
name = "ppv-lite86"
version = "0.2.10"
source = "registry+https://github.com/rust-lang/crates.io-index"
checksum = "ac74c624d6b2d21f425f752262f42188365d7b8ff1aff74c82e45136510a4857"

[[package]]
name = "proc-macro2"
version = "1.0.28"
source = "registry+https://github.com/rust-lang/crates.io-index"
checksum = "5c7ed8b8c7b886ea3ed7dde405212185f423ab44682667c8c6dd14aa1d9f6612"
dependencies = [
 "unicode-xid",
]

[[package]]
name = "quote"
version = "1.0.9"
source = "registry+https://github.com/rust-lang/crates.io-index"
checksum = "c3d0b9745dc2debf507c8422de05d7226cc1f0644216dfdfead988f9b1ab32a7"
dependencies = [
 "proc-macro2",
]

[[package]]
name = "rand"
version = "0.8.4"
source = "registry+https://github.com/rust-lang/crates.io-index"
checksum = "2e7573632e6454cf6b99d7aac4ccca54be06da05aca2ef7423d22d27d4d4bcd8"
dependencies = [
 "libc",
 "rand_chacha",
 "rand_core",
 "rand_hc",
]

[[package]]
name = "rand_chacha"
version = "0.3.1"
source = "registry+https://github.com/rust-lang/crates.io-index"
checksum = "e6c10a63a0fa32252be49d21e7709d4d4baf8d231c2dbce1eaa8141b9b127d88"
dependencies = [
 "ppv-lite86",
 "rand_core",
]

[[package]]
name = "rand_core"
version = "0.6.3"
source = "registry+https://github.com/rust-lang/crates.io-index"
checksum = "d34f1408f55294453790c48b2f1ebbb1c5b4b7563eb1f418bcfcfdbb06ebb4e7"
dependencies = [
 "getrandom",
]

[[package]]
name = "rand_distr"
version = "0.4.1"
source = "registry+https://github.com/rust-lang/crates.io-index"
checksum = "051b398806e42b9cd04ad9ec8f81e355d0a382c543ac6672c62f5a5b452ef142"
dependencies = [
 "num-traits",
 "rand",
]

[[package]]
name = "rand_hc"
version = "0.3.1"
source = "registry+https://github.com/rust-lang/crates.io-index"
checksum = "d51e9f596de227fda2ea6c84607f5558e196eeaf43c986b724ba4fb8fdf497e7"
dependencies = [
 "rand_core",
]

[[package]]
name = "random-distributions-cli"
version = "0.1.0"
dependencies = [
 "anyhow",
 "argh",
 "byteorder",
 "rand",
 "statrs",
 "strum",
 "strum_macros",
]

[[package]]
name = "rawpointer"
version = "0.2.1"
source = "registry+https://github.com/rust-lang/crates.io-index"
checksum = "60a357793950651c4ed0f3f52338f53b2f809f32d83a07f72909fa13e4c6c1e3"

[[package]]
name = "simba"
version = "0.5.1"
source = "registry+https://github.com/rust-lang/crates.io-index"
checksum = "8e82063457853d00243beda9952e910b82593e4b07ae9f721b9278a99a0d3d5c"
dependencies = [
 "approx",
 "num-complex",
 "num-traits",
 "paste",
]

[[package]]
name = "statrs"
version = "0.15.0"
source = "registry+https://github.com/rust-lang/crates.io-index"
checksum = "05bdbb8e4e78216a85785a85d3ec3183144f98d0097b9281802c019bb07a6f05"
dependencies = [
 "approx",
 "lazy_static",
 "nalgebra",
 "num-traits",
 "rand",
]

[[package]]
name = "strum"
version = "0.21.0"
source = "registry+https://github.com/rust-lang/crates.io-index"
checksum = "aaf86bbcfd1fa9670b7a129f64fc0c9fcbbfe4f1bc4210e9e98fe71ffc12cde2"

[[package]]
name = "strum_macros"
version = "0.21.1"
source = "registry+https://github.com/rust-lang/crates.io-index"
checksum = "d06aaeeee809dbc59eb4556183dd927df67db1540de5be8d3ec0b6636358a5ec"
dependencies = [
 "heck",
 "proc-macro2",
 "quote",
 "syn",
]

[[package]]
name = "syn"
version = "1.0.74"
source = "registry+https://github.com/rust-lang/crates.io-index"
checksum = "1873d832550d4588c3dbc20f01361ab00bfe741048f71e3fecf145a7cc18b29c"
dependencies = [
 "proc-macro2",
 "quote",
 "unicode-xid",
]

[[package]]
name = "typenum"
version = "1.13.0"
source = "registry+https://github.com/rust-lang/crates.io-index"
checksum = "879f6906492a7cd215bfa4cf595b600146ccfac0c79bcbd1f3000162af5e8b06"

[[package]]
name = "unicode-segmentation"
version = "1.8.0"
source = "registry+https://github.com/rust-lang/crates.io-index"
checksum = "8895849a949e7845e06bd6dc1aa51731a103c42707010a5b591c0038fb73385b"

[[package]]
name = "unicode-xid"
version = "0.2.2"
source = "registry+https://github.com/rust-lang/crates.io-index"
checksum = "8ccb82d61f80a663efe1f787a51b16b5a51e3314d6ac365b08639f52387b33f3"

[[package]]
name = "wasi"
version = "0.10.2+wasi-snapshot-preview1"
source = "registry+https://github.com/rust-lang/crates.io-index"
checksum = "fd6fbd9a79829dd1ad0cc20627bf1ed606756a7f77edff7b66b7064f9cb327c6"
